
Microsoft Visual Studio Solution File, Format Version 12.00
# Visual Studio Version 17
VisualStudioVersion = 17.8.34408.163
MinimumVisualStudioVersion = 10.0.40219.1
Project("{FAE04EC0-301F-11D3-BF4B-00C04F79EFBC}") = "Day6", "Day6\Day6.csproj", "{2A9AD997-F6DA-49E5-B80C-54401F64841A}"
EndProject
Global
	GlobalSection(SolutionConfigurationPlatforms) = preSolution
		Debug|Any CPU = Debug|Any CPU
		Release|Any CPU = Release|Any CPU
	EndGlobalSection
	GlobalSection(ProjectConfigurationPlatforms) = postSolution
		{2A9AD997-F6DA-49E5-B80C-54401F64841A}.Debug|Any CPU.ActiveCfg = Debug|Any CPU
		{2A9AD997-F6DA-49E5-B80C-54401F64841A}.Debug|Any CPU.Build.0 = Debug|Any CPU
		{2A9AD997-F6DA-49E5-B80C-54401F64841A}.Release|Any CPU.ActiveCfg = Release|Any CPU
		{2A9AD997-F6DA-49E5-B80C-54401F64841A}.Release|Any CPU.Build.0 = Release|Any CPU
	EndGlobalSection
	GlobalSection(SolutionProperties) = preSolution
		HideSolutionNode = FALSE
	EndGlobalSection
	GlobalSection(ExtensibilityGlobals) = postSolution
		SolutionGuid = {B9D7B5BC-9C80-4E23-AD7F-AAE600F20DA8}
	EndGlobalSection
EndGlobal
