
Microsoft Visual Studio Solution File, Format Version 12.00
# Visual Studio Version 17
VisualStudioVersion = 17.8.34525.116
MinimumVisualStudioVersion = 10.0.40219.1
Project("{FAE04EC0-301F-11D3-BF4B-00C04F79EFBC}") = "ConsoleApp2", "ConsoleApp2\ConsoleApp2.csproj", "{8BA3B3E2-4F00-4B2F-A8F2-B309BF7B1757}"
EndProject
Global
	GlobalSection(SolutionConfigurationPlatforms) = preSolution
		Debug|Any CPU = Debug|Any CPU
		Release|Any CPU = Release|Any CPU
	EndGlobalSection
	GlobalSection(ProjectConfigurationPlatforms) = postSolution
		{8BA3B3E2-4F00-4B2F-A8F2-B309BF7B1757}.Debug|Any CPU.ActiveCfg = Debug|Any CPU
		{8BA3B3E2-4F00-4B2F-A8F2-B309BF7B1757}.Debug|Any CPU.Build.0 = Debug|Any CPU
		{8BA3B3E2-4F00-4B2F-A8F2-B309BF7B1757}.Release|Any CPU.ActiveCfg = Release|Any CPU
		{8BA3B3E2-4F00-4B2F-A8F2-B309BF7B1757}.Release|Any CPU.Build.0 = Release|Any CPU
	EndGlobalSection
	GlobalSection(SolutionProperties) = preSolution
		HideSolutionNode = FALSE
	EndGlobalSection
	GlobalSection(ExtensibilityGlobals) = postSolution
		SolutionGuid = {21C50D25-D00C-407F-A075-1E65DC24522D}
	EndGlobalSection
EndGlobal
