
Microsoft Visual Studio Solution File, Format Version 12.00
# Visual Studio Version 17
VisualStudioVersion = 17.8.34525.116
MinimumVisualStudioVersion = 10.0.40219.1
Project("{FAE04EC0-301F-11D3-BF4B-00C04F79EFBC}") = "Day 20", "Day 20\Day 20.csproj", "{351AFBAF-7BDA-413B-926E-89C6EF37F3DC}"
EndProject
Global
	GlobalSection(SolutionConfigurationPlatforms) = preSolution
		Debug|Any CPU = Debug|Any CPU
		Release|Any CPU = Release|Any CPU
	EndGlobalSection
	GlobalSection(ProjectConfigurationPlatforms) = postSolution
		{351AFBAF-7BDA-413B-926E-89C6EF37F3DC}.Debug|Any CPU.ActiveCfg = Debug|Any CPU
		{351AFBAF-7BDA-413B-926E-89C6EF37F3DC}.Debug|Any CPU.Build.0 = Debug|Any CPU
		{351AFBAF-7BDA-413B-926E-89C6EF37F3DC}.Release|Any CPU.ActiveCfg = Release|Any CPU
		{351AFBAF-7BDA-413B-926E-89C6EF37F3DC}.Release|Any CPU.Build.0 = Release|Any CPU
	EndGlobalSection
	GlobalSection(SolutionProperties) = preSolution
		HideSolutionNode = FALSE
	EndGlobalSection
	GlobalSection(ExtensibilityGlobals) = postSolution
		SolutionGuid = {003F621E-F710-4965-B149-A43318BED9E6}
	EndGlobalSection
EndGlobal
