
Microsoft Visual Studio Solution File, Format Version 12.00
# Visual Studio Version 17
VisualStudioVersion = 17.8.34408.163
MinimumVisualStudioVersion = 10.0.40219.1
Project("{FAE04EC0-301F-11D3-BF4B-00C04F79EFBC}") = "sizeof", "sizeof\sizeof.csproj", "{994F6D8B-5358-4F5B-9ED8-1538B1016479}"
EndProject
Global
	GlobalSection(SolutionConfigurationPlatforms) = preSolution
		Debug|Any CPU = Debug|Any CPU
		Release|Any CPU = Release|Any CPU
	EndGlobalSection
	GlobalSection(ProjectConfigurationPlatforms) = postSolution
		{994F6D8B-5358-4F5B-9ED8-1538B1016479}.Debug|Any CPU.ActiveCfg = Debug|Any CPU
		{994F6D8B-5358-4F5B-9ED8-1538B1016479}.Debug|Any CPU.Build.0 = Debug|Any CPU
		{994F6D8B-5358-4F5B-9ED8-1538B1016479}.Release|Any CPU.ActiveCfg = Release|Any CPU
		{994F6D8B-5358-4F5B-9ED8-1538B1016479}.Release|Any CPU.Build.0 = Release|Any CPU
	EndGlobalSection
	GlobalSection(SolutionProperties) = preSolution
		HideSolutionNode = FALSE
	EndGlobalSection
	GlobalSection(ExtensibilityGlobals) = postSolution
		SolutionGuid = {2E329A0F-E70C-420F-9BF5-60D8D0AEB660}
	EndGlobalSection
EndGlobal
